
Microsoft Visual Studio Solution File, Format Version 12.00
# Visual Studio Version 16
VisualStudioVersion = 16.0.32002.261
MinimumVisualStudioVersion = 10.0.40219.1
Project("{FAE04EC0-301F-11D3-BF4B-00C04F79EFBC}") = "AutoEscapeZoom", "AutoEscapeZoom\AutoEscapeZoom.csproj", "{3EEF8710-92E0-4580-8963-2BA60A51CAE2}"
EndProject
Project("{FAE04EC0-301F-11D3-BF4B-00C04F79EFBC}") = "AutoEscapeZoom.Utils", "AutoEscapeZoom.Utils\AutoEscapeZoom.Utils.csproj", "{F678F314-111E-421A-97CB-D856116132CC}"
EndProject
Global
	GlobalSection(SolutionConfigurationPlatforms) = preSolution
		Debug|Any CPU = Debug|Any CPU
		Release|Any CPU = Release|Any CPU
	EndGlobalSection
	GlobalSection(ProjectConfigurationPlatforms) = postSolution
		{3EEF8710-92E0-4580-8963-2BA60A51CAE2}.Debug|Any CPU.ActiveCfg = Debug|Any CPU
		{3EEF8710-92E0-4580-8963-2BA60A51CAE2}.Debug|Any CPU.Build.0 = Debug|Any CPU
		{3EEF8710-92E0-4580-8963-2BA60A51CAE2}.Release|Any CPU.ActiveCfg = Release|Any CPU
		{3EEF8710-92E0-4580-8963-2BA60A51CAE2}.Release|Any CPU.Build.0 = Release|Any CPU
		{F678F314-111E-421A-97CB-D856116132CC}.Debug|Any CPU.ActiveCfg = Debug|Any CPU
		{F678F314-111E-421A-97CB-D856116132CC}.Debug|Any CPU.Build.0 = Debug|Any CPU
		{F678F314-111E-421A-97CB-D856116132CC}.Release|Any CPU.ActiveCfg = Release|Any CPU
		{F678F314-111E-421A-97CB-D856116132CC}.Release|Any CPU.Build.0 = Release|Any CPU
	EndGlobalSection
	GlobalSection(SolutionProperties) = preSolution
		HideSolutionNode = FALSE
	EndGlobalSection
	GlobalSection(ExtensibilityGlobals) = postSolution
		SolutionGuid = {04E0F763-5AE8-4AE5-8CA3-A9360E6CBB8F}
	EndGlobalSection
EndGlobal
